
Microsoft Visual Studio Solution File, Format Version 12.00
# Visual Studio Version 16
VisualStudioVersion = 16.0.30611.23
MinimumVisualStudioVersion = 10.0.40219.1
Project("{FAE04EC0-301F-11D3-BF4B-00C04F79EFBC}") = "Airlines Reservation", "Airlines Reservation\Airlines Reservation.csproj", "{D2DBE464-E236-46AB-B992-2D7939BFB013}"
EndProject
Global
	GlobalSection(SolutionConfigurationPlatforms) = preSolution
		Debug|Any CPU = Debug|Any CPU
		Release|Any CPU = Release|Any CPU
	EndGlobalSection
	GlobalSection(ProjectConfigurationPlatforms) = postSolution
		{D2DBE464-E236-46AB-B992-2D7939BFB013}.Debug|Any CPU.ActiveCfg = Debug|Any CPU
		{D2DBE464-E236-46AB-B992-2D7939BFB013}.Debug|Any CPU.Build.0 = Debug|Any CPU
		{D2DBE464-E236-46AB-B992-2D7939BFB013}.Release|Any CPU.ActiveCfg = Release|Any CPU
		{D2DBE464-E236-46AB-B992-2D7939BFB013}.Release|Any CPU.Build.0 = Release|Any CPU
	EndGlobalSection
	GlobalSection(SolutionProperties) = preSolution
		HideSolutionNode = FALSE
	EndGlobalSection
	GlobalSection(ExtensibilityGlobals) = postSolution
		SolutionGuid = {80C0F433-4D7C-482D-9369-A0B441E7CD70}
	EndGlobalSection
EndGlobal
